// !$*UTF8*$!
{
	archiveVersion = 1;
	classes = {
	};
	objectVersion = 77;
	objects = {

/* Begin PBXBuildFile section */
		0728C3B010583C95E4BC7E8C /* UserProfile.swift in Sources */ = {isa = PBXBuildFile; fileRef = 01E2326063481AC80000952A /* UserProfile.swift */; };
		08940265FFBDDD875C5D662F /* ReplyDraftNormalizer.swift in Sources */ = {isa = PBXBuildFile; fileRef = D7B4C8F95E060876BD02776E /* ReplyDraftNormalizer.swift */; };
		09F63EACA2EE871118789FD3 /* ProfileStore.swift in Sources */ = {isa = PBXBuildFile; fileRef = 421B1E6627C5793107C83F6D /* ProfileStore.swift */; };
		0BEC991734DCB83CA0A899DE /* KeyboardStrings.swift in Sources */ = {isa = PBXBuildFile; fileRef = 830EBEDAF25D84E070E4A359 /* KeyboardStrings.swift */; };
		0CBB838F77B32427AA943FC2 /* AppLanguage.swift in Sources */ = {isa = PBXBuildFile; fileRef = A267A633B481385E9F442940 /* AppLanguage.swift */; };
		134C80FB69944994B2A072AC /* CommunicationContextTests.swift in Sources */ = {isa = PBXBuildFile; fileRef = B8F00816B8A8D8AA0136A555 /* CommunicationContextTests.swift */; };
		14DCFF343259160F79954989 /* TemplateEditorView.swift in Sources */ = {isa = PBXBuildFile; fileRef = D49E718FD55E99052C56A452 /* TemplateEditorView.swift */; };
		1786E1368CF700A3F3A0972B /* CommunicationTypes.swift in Sources */ = {isa = PBXBuildFile; fileRef = 90E39000C4ED61ADBA6BA9DB /* CommunicationTypes.swift */; };
		1BB8FD7E1794F78C26CA4CD2 /* TemplateSummaryTests.swift in Sources */ = {isa = PBXBuildFile; fileRef = 36E762890B1F4DD108E9B02D /* TemplateSummaryTests.swift */; };
		22F15C3C02F42E4098819624 /* AIConfiguration.swift in Sources */ = {isa = PBXBuildFile; fileRef = EB7D2F1D37929DBD114C3D9A /* AIConfiguration.swift */; };
		33511736BECB200BFCA4AB96 /* AIReplyStrings.swift in Sources */ = {isa = PBXBuildFile; fileRef = C79FF18FAD7464C6AEF28503 /* AIReplyStrings.swift */; };
		39325F9CAB90B0BDF6FBAE0A /* Localizable.xcstrings in Resources */ = {isa = PBXBuildFile; fileRef = 2E52AC5449FEDDEE2B8129A8 /* Localizable.xcstrings */; };
		39A76347547C3E5641A67A21 /* VoiceConfigurationParser.swift in Sources */ = {isa = PBXBuildFile; fileRef = 5B460028095C479EDAD8B842 /* VoiceConfigurationParser.swift */; };
		3CC2F2AFD45607E6570CF6FB /* ReplyTemplate.swift in Sources */ = {isa = PBXBuildFile; fileRef = 85A8867526A3D1D3D5E84E26 /* ReplyTemplate.swift */; };
		3E053A8EC48DFAD177834F98 /* HomeView.swift in Sources */ = {isa = PBXBuildFile; fileRef = 6E72E94BFF1802E4ECBD823B /* HomeView.swift */; };
		426A1B155197A29AB59312CC /* AIConfiguration.swift in Sources */ = {isa = PBXBuildFile; fileRef = EB7D2F1D37929DBD114C3D9A /* AIConfiguration.swift */; };
		4A04FFCBE457A4EDEFCEFE16 /* KeyboardViewController.swift in Sources */ = {isa = PBXBuildFile; fileRef = E0B09DA09802A451D1A5DC4D /* KeyboardViewController.swift */; };
		4DED2E213D1A7089CFC455A0 /* TemplateSummary.swift in Sources */ = {isa = PBXBuildFile; fileRef = 4764601C3E9C73FC93190203 /* TemplateSummary.swift */; };
		52A7FEB74AF1B7907FB28345 /* WorkingHoursView.swift in Sources */ = {isa = PBXBuildFile; fileRef = 45A9804CC78CEB21F26EEC0F /* WorkingHoursView.swift */; };
		5580D7A518EAD6A80788A8E2 /* WorkingHoursTests.swift in Sources */ = {isa = PBXBuildFile; fileRef = 78D02DD76072C4DD2CAB2659 /* WorkingHoursTests.swift */; };
		57ECC6D0E3A81F30D6FCDAAE /* AppSettings.swift in Sources */ = {isa = PBXBuildFile; fileRef = 0BEA3D3801295739AEC4DCF9 /* AppSettings.swift */; };
		57F13181CF26203F625242F1 /* ProfileStore.swift in Sources */ = {isa = PBXBuildFile; fileRef = 421B1E6627C5793107C83F6D /* ProfileStore.swift */; };
		5EAD4456B8E90AC6EFC75B5B /* AIReplyServiceTests.swift in Sources */ = {isa = PBXBuildFile; fileRef = 50D3D2C111D29A7911D507A8 /* AIReplyServiceTests.swift */; };
		63878F6EB70D838806614EF6 /* KeyButton.swift in Sources */ = {isa = PBXBuildFile; fileRef = E0C55849FB32AC9B82420270 /* KeyButton.swift */; };
		65C7EAEA1813DE4B9A76AE77 /* SharedSettings.swift in Sources */ = {isa = PBXBuildFile; fileRef = 73067EDF0BADA2847E697980 /* SharedSettings.swift */; };
		66390F1889CA1BFA2EF62A97 /* OnboardingView.swift in Sources */ = {isa = PBXBuildFile; fileRef = 258EFD103FC793D1E35F0CF0 /* OnboardingView.swift */; };
		6B97325ED5F8F23B452D4ECF /* DictationSheet.swift in Sources */ = {isa = PBXBuildFile; fileRef = 463AD7501636320B4CE8EE68 /* DictationSheet.swift */; };
		6DA44B1E7DC2E286D5B2F66E /* KeyboardTheme.swift in Sources */ = {isa = PBXBuildFile; fileRef = 67FD1E127D47C9EC00B66392 /* KeyboardTheme.swift */; };
		6F7F89531AD24EBC66706589 /* AppLanguage.swift in Sources */ = {isa = PBXBuildFile; fileRef = A267A633B481385E9F442940 /* AppLanguage.swift */; };
		6FCA6398A7ED53E311C79C7D /* WorkingHours.swift in Sources */ = {isa = PBXBuildFile; fileRef = 875E5668A47AB6015133C237 /* WorkingHours.swift */; };
		733EBA1001B06E01604AE508 /* AIReplyService.swift in Sources */ = {isa = PBXBuildFile; fileRef = 53F7E07689CE9B522244F3DA /* AIReplyService.swift */; };
		75DDCB81954F51EC48AF2079 /* KeyboardSetupView.swift in Sources */ = {isa = PBXBuildFile; fileRef = EBAAF2889377B145F06F16D7 /* KeyboardSetupView.swift */; };
		770805D693631DAE55BF4447 /* SettingsView.swift in Sources */ = {isa = PBXBuildFile; fileRef = 5743D20D5E9089DA32EC65B8 /* SettingsView.swift */; };
		781ADFB2240543B236BB86C7 /* BusinessContext.swift in Sources */ = {isa = PBXBuildFile; fileRef = 56B2FC5E2AB5555C2807CD36 /* BusinessContext.swift */; };
		79FC6362B27ADDE3E86E4F2F /* VoiceConfigurationParser.swift in Sources */ = {isa = PBXBuildFile; fileRef = 5B460028095C479EDAD8B842 /* VoiceConfigurationParser.swift */; };
		7C226A5CD29188B4ABCBAFBC /* AIReplyStrings.swift in Sources */ = {isa = PBXBuildFile; fileRef = C79FF18FAD7464C6AEF28503 /* AIReplyStrings.swift */; };
		8158BCDC98DA0C126BABC4E1 /* KeyboardLanguage.swift in Sources */ = {isa = PBXBuildFile; fileRef = 5E9E3BF06EBA0D0C9E753A97 /* KeyboardLanguage.swift */; };
		81AAD389931DC5307FFD1117 /* ConfigurationStoreTests.swift in Sources */ = {isa = PBXBuildFile; fileRef = 9BD0BC21D6B2D68157DE7739 /* ConfigurationStoreTests.swift */; };
		82BAE79A2B2FEEDDC2D5ABCC /* SecureCredentialStore.swift in Sources */ = {isa = PBXBuildFile; fileRef = 4DF5C58251599513C8873CED /* SecureCredentialStore.swift */; };
		84FB3DEC26F06F5650AC3549 /* Assets.xcassets in Resources */ = {isa = PBXBuildFile; fileRef = A301AD572AE5FB646DD9F3DD /* Assets.xcassets */; };
		8A1497B8CBF3DD6798B9DCC0 /* ReplyTemplate.swift in Sources */ = {isa = PBXBuildFile; fileRef = 85A8867526A3D1D3D5E84E26 /* ReplyTemplate.swift */; };
		8DED530D35EE9DCCDFF88D66 /* AIReplyError.swift in Sources */ = {isa = PBXBuildFile; fileRef = 70C006DB419902D13BDBF374 /* AIReplyError.swift */; };
		90F7C2C0B3A5E7CA3EFB062C /* ReplyConfigurationModel.swift in Sources */ = {isa = PBXBuildFile; fileRef = 70382F436399A34525547E8E /* ReplyConfigurationModel.swift */; };
		93B36735156F76E6DA11371F /* AppMarkView.swift in Sources */ = {isa = PBXBuildFile; fileRef = 7568CCC0B7DE4C2A07D45771 /* AppMarkView.swift */; };
		94C33D06956AAA22C07024B8 /* TemplateSummary.swift in Sources */ = {isa = PBXBuildFile; fileRef = 4764601C3E9C73FC93190203 /* TemplateSummary.swift */; };
		9522131EF5822AB0AD243FB9 /* ComposeView.swift in Sources */ = {isa = PBXBuildFile; fileRef = 0EB79A48415511296E4E184A /* ComposeView.swift */; };
		9AD0972A3931DC45EB713C7C /* ReplyPromptBuilder.swift in Sources */ = {isa = PBXBuildFile; fileRef = BCB330879C6D25E5994C95F0 /* ReplyPromptBuilder.swift */; };
		9C22FB9C2C660598B43A453F /* TemplateBarView.swift in Sources */ = {isa = PBXBuildFile; fileRef = 1B5B97E2C49D4BC68B094D40 /* TemplateBarView.swift */; };
		9FD7BA0E98275E4D9FA42010 /* ProfileEditorView.swift in Sources */ = {isa = PBXBuildFile; fileRef = 2E86C261B962E98B7F859948 /* ProfileEditorView.swift */; };
		A0E343AD2D3D657620A8B2BE /* WorkingHours.swift in Sources */ = {isa = PBXBuildFile; fileRef = 875E5668A47AB6015133C237 /* WorkingHours.swift */; };
		A8F73103B522FDC9EBD2148A /* AppGroup.swift in Sources */ = {isa = PBXBuildFile; fileRef = AE4A424E566C435571650943 /* AppGroup.swift */; };
		A91B032371106BB2F6916381 /* ReplyKeyboard.appex in Embed Foundation Extensions */ = {isa = PBXBuildFile; fileRef = B706BBF3211F06DE9C734E67 /* ReplyKeyboard.appex */; settings = {ATTRIBUTES = (RemoveHeadersOnCopy, ); }; };
		AD5DE35FBF494B15CA36765D /* AIReplyService.swift in Sources */ = {isa = PBXBuildFile; fileRef = 53F7E07689CE9B522244F3DA /* AIReplyService.swift */; };
		B3F9F8D93AF35D542DA859F5 /* VoiceReplyViewModel.swift in Sources */ = {isa = PBXBuildFile; fileRef = 999B24518017279B60BE8C60 /* VoiceReplyViewModel.swift */; };
		B6EB09B2D4EA444198F2A0D0 /* ComposeViewModel.swift in Sources */ = {isa = PBXBuildFile; fileRef = 80A2221D0F2D6AFFE9BBA8AD /* ComposeViewModel.swift */; };
		B9065C0BA089C48F8C8CA4A5 /* VoiceConfigurationParserTests.swift in Sources */ = {isa = PBXBuildFile; fileRef = 7FED115EF950AFFD65FFF659 /* VoiceConfigurationParserTests.swift */; };
		BDA7E6FFED3A5E6C18131F75 /* AIReplyApp.swift in Sources */ = {isa = PBXBuildFile; fileRef = 9FA30E63832D85C25C68804F /* AIReplyApp.swift */; };
		C8C24FAB428614EDCD4F9BB4 /* VoiceSuggestionSheet.swift in Sources */ = {isa = PBXBuildFile; fileRef = 135248855774C4608FCF805E /* VoiceSuggestionSheet.swift */; };
		CD7120FABE7D56C88B3A37AB /* AppGroup.swift in Sources */ = {isa = PBXBuildFile; fileRef = AE4A424E566C435571650943 /* AppGroup.swift */; };
		CE9B6A3980A50D46C2C537FA /* AIReplyError.swift in Sources */ = {isa = PBXBuildFile; fileRef = 70C006DB419902D13BDBF374 /* AIReplyError.swift */; };
		CF2ADE6AB229180C8E40F386 /* ReplyPromptBuilder.swift in Sources */ = {isa = PBXBuildFile; fileRef = BCB330879C6D25E5994C95F0 /* ReplyPromptBuilder.swift */; };
		D20B96852003DA4F1ABC8DC2 /* ReplyDraftNormalizer.swift in Sources */ = {isa = PBXBuildFile; fileRef = D7B4C8F95E060876BD02776E /* ReplyDraftNormalizer.swift */; };
		D2582D74DE75B3CDA1911010 /* KeyboardLanguage.swift in Sources */ = {isa = PBXBuildFile; fileRef = 5E9E3BF06EBA0D0C9E753A97 /* KeyboardLanguage.swift */; };
		D588EA316075FF99AECA5BD7 /* LocalizedDisplay.swift in Sources */ = {isa = PBXBuildFile; fileRef = D968CBF2153056C63D3F91A3 /* LocalizedDisplay.swift */; };
		D685A039616BCAF47C05E692 /* LocalizationTests.swift in Sources */ = {isa = PBXBuildFile; fileRef = 44038C1892A37CE406FF1FE4 /* LocalizationTests.swift */; };
		DA2A3CD236D4535B23E54134 /* ReplyContext.swift in Sources */ = {isa = PBXBuildFile; fileRef = B7785D61C26FC89396FE9CD3 /* ReplyContext.swift */; };
		DA35FA3324D72509E7F376E7 /* ReplyTransport.swift in Sources */ = {isa = PBXBuildFile; fileRef = 1180B013DC019C3D7F3C19B7 /* ReplyTransport.swift */; };
		E310EE8D8B82F507B76ECB64 /* ReplyDraftNormalizerTests.swift in Sources */ = {isa = PBXBuildFile; fileRef = 66164662EF95C9E16197312D /* ReplyDraftNormalizerTests.swift */; };
		EB18D7A2A5391041268B1A5C /* SecureCredentialStore.swift in Sources */ = {isa = PBXBuildFile; fileRef = 4DF5C58251599513C8873CED /* SecureCredentialStore.swift */; };
		EC623A3EF41169749F4B946B /* UserProfile.swift in Sources */ = {isa = PBXBuildFile; fileRef = 01E2326063481AC80000952A /* UserProfile.swift */; };
		ED170315BF59C4EA9D283084 /* ReplyComposerView.swift in Sources */ = {isa = PBXBuildFile; fileRef = 7B2A3BF3800661B3D311B44C /* ReplyComposerView.swift */; };
		F0B14B08084D459E62EC9F69 /* SharedSettings.swift in Sources */ = {isa = PBXBuildFile; fileRef = 73067EDF0BADA2847E697980 /* SharedSettings.swift */; };
		F0C7ADC13930FF7F3D73EEB6 /* TemplateListView.swift in Sources */ = {isa = PBXBuildFile; fileRef = 007CAE30B84E19B48967E9DA /* TemplateListView.swift */; };
		F72E10673C97DC256B5C60A5 /* ReplyTransport.swift in Sources */ = {isa = PBXBuildFile; fileRef = 1180B013DC019C3D7F3C19B7 /* ReplyTransport.swift */; };
		F8B0410EFE3FD558306E8E80 /* BusinessContext.swift in Sources */ = {isa = PBXBuildFile; fileRef = 56B2FC5E2AB5555C2807CD36 /* BusinessContext.swift */; };
		F9C08C12FDB7B7ED2DEB3AA4 /* KeyboardActionBar.swift in Sources */ = {isa = PBXBuildFile; fileRef = 50D232A0E7FFFC95C7AB549C /* KeyboardActionBar.swift */; };
		FB68C3381390555C81D77917 /* DesignSystem.swift in Sources */ = {isa = PBXBuildFile; fileRef = A4871B7428808BDBAA314E78 /* DesignSystem.swift */; };
		FEF45880C36B767675C5DCD3 /* CommunicationTypes.swift in Sources */ = {isa = PBXBuildFile; fileRef = 90E39000C4ED61ADBA6BA9DB /* CommunicationTypes.swift */; };
		F3FBEA90B20DB4838F8E6484 /* APIClient.swift in Sources */ = {isa = PBXBuildFile; fileRef = D79CAFADAE0D0010BC1CE45D /* APIClient.swift */; };
		1FA9978FEEBB1308B929F1DF /* APIClient.swift in Sources */ = {isa = PBXBuildFile; fileRef = D79CAFADAE0D0010BC1CE45D /* APIClient.swift */; };
		6C62894DCD55DDFF50B7B883 /* AccountCredentials.swift in Sources */ = {isa = PBXBuildFile; fileRef = 33E1AE3A5DC8A80EF7FAB51D /* AccountCredentials.swift */; };
		7B5D2FA3251FECDC2FB97FBD /* AccountCredentials.swift in Sources */ = {isa = PBXBuildFile; fileRef = 33E1AE3A5DC8A80EF7FAB51D /* AccountCredentials.swift */; };
		D01C8901F2D3D9DAAF9139E2 /* AccountModels.swift in Sources */ = {isa = PBXBuildFile; fileRef = 8CC9F4025BCAB95F46B9FD35 /* AccountModels.swift */; };
		DF8C5C5873AA32EF1085AB67 /* AccountModels.swift in Sources */ = {isa = PBXBuildFile; fileRef = 8CC9F4025BCAB95F46B9FD35 /* AccountModels.swift */; };
		ABB392343340956522324197 /* AccountReplyTransport.swift in Sources */ = {isa = PBXBuildFile; fileRef = 7A19AB507B24FEDDA51BB674 /* AccountReplyTransport.swift */; };
		B89D40A24C499A96CDF9F341 /* AccountReplyTransport.swift in Sources */ = {isa = PBXBuildFile; fileRef = 7A19AB507B24FEDDA51BB674 /* AccountReplyTransport.swift */; };
		13BC0B156FFD00B6367EBE6A /* AccountService.swift in Sources */ = {isa = PBXBuildFile; fileRef = 29708E5897A096B71492D3FF /* AccountService.swift */; };
		5BE5560BF23634C47B8063B0 /* AccountService.swift in Sources */ = {isa = PBXBuildFile; fileRef = 29708E5897A096B71492D3FF /* AccountService.swift */; };
		121C380FECD50CF6D4922282 /* AccountSession.swift in Sources */ = {isa = PBXBuildFile; fileRef = 65D25C0C1FBF7FA0DB3E1CA9 /* AccountSession.swift */; };
		3F827A67EF36C9FF51A0176D /* AccountSession.swift in Sources */ = {isa = PBXBuildFile; fileRef = 65D25C0C1FBF7FA0DB3E1CA9 /* AccountSession.swift */; };
		6CE3F7715819453B284C3649 /* AccountUsageCache.swift in Sources */ = {isa = PBXBuildFile; fileRef = 6B57B456F7C9A894FDFA16E5 /* AccountUsageCache.swift */; };
		73136265574692ACA84C492F /* AccountUsageCache.swift in Sources */ = {isa = PBXBuildFile; fileRef = 6B57B456F7C9A894FDFA16E5 /* AccountUsageCache.swift */; };
		EB911860A3EA6AB729C4C511 /* AccountGateView.swift in Sources */ = {isa = PBXBuildFile; fileRef = B08920F36A544C71232F2D1E /* AccountGateView.swift */; };
		2D6803AA8619CD528E8D128B /* AccountModel.swift in Sources */ = {isa = PBXBuildFile; fileRef = CD872E2E63C0E40E77B2872A /* AccountModel.swift */; };
		6670FF1E872401DEDDA9CB7D /* AccountSettingsSection.swift in Sources */ = {isa = PBXBuildFile; fileRef = F6211FECA41BBA3BB21D75A6 /* AccountSettingsSection.swift */; };
		99307F9E2ABC5193C246DFB2 /* RegistrationStepView.swift in Sources */ = {isa = PBXBuildFile; fileRef = D8CFE2DB3B3FB414D9B9391D /* RegistrationStepView.swift */; };
		77A4B113A9D5D4589D6F18AB /* SignInView.swift in Sources */ = {isa = PBXBuildFile; fileRef = C1653C6E99D9FBD3FDEBF65E /* SignInView.swift */; };
		09D100248CA1D1225A03FC36 /* SubscriptionView.swift in Sources */ = {isa = PBXBuildFile; fileRef = FC968BF0552B92940DFCAD17 /* SubscriptionView.swift */; };
		9D75EFCC56DD369EAC19CB79 /* VerifyCodeView.swift in Sources */ = {isa = PBXBuildFile; fileRef = 7AED231CF6699F6F307BF79C /* VerifyCodeView.swift */; };
		32CEFB20D93E4BC2E8611C77 /* AccountAPITests.swift in Sources */ = {isa = PBXBuildFile; fileRef = A17D0DD4F1BF29EDF8D47477 /* AccountAPITests.swift */; };
/* End PBXBuildFile section */

/* Begin PBXContainerItemProxy section */
		6D30C91700858D988CF7DFDE /* PBXContainerItemProxy */ = {
			isa = PBXContainerItemProxy;
			containerPortal = 9BEE77F8F75DACB9233F22A5 /* Project object */;
			proxyType = 1;
			remoteGlobalIDString = 1F6D393FF0A4AA2046A9D3DF;
			remoteInfo = ReplyKeyboard;
		};
		DCD6657F4BE4D8ADBBD975DF /* PBXContainerItemProxy */ = {
			isa = PBXContainerItemProxy;
			containerPortal = 9BEE77F8F75DACB9233F22A5 /* Project object */;
			proxyType = 1;
			remoteGlobalIDString = 45475D25BF12923E0E2A2A7A;
			remoteInfo = AIReply;
		};
/* End PBXContainerItemProxy section */

/* Begin PBXCopyFilesBuildPhase section */
		F5EB05726054928BF5FDEC86 /* Embed Foundation Extensions */ = {
			isa = PBXCopyFilesBuildPhase;
			buildActionMask = 2147483647;
			dstPath = "";
			dstSubfolderSpec = 13;
			files = (
				A91B032371106BB2F6916381 /* ReplyKeyboard.appex in Embed Foundation Extensions */,
			);
			name = "Embed Foundation Extensions";
			runOnlyForDeploymentPostprocessing = 0;
		};
/* End PBXCopyFilesBuildPhase section */

/* Begin PBXFileReference section */
		007CAE30B84E19B48967E9DA /* TemplateListView.swift */ = {isa = PBXFileReference; lastKnownFileType = sourcecode.swift; path = TemplateListView.swift; sourceTree = "<group>"; };
		01E2326063481AC80000952A /* UserProfile.swift */ = {isa = PBXFileReference; lastKnownFileType = sourcecode.swift; path = UserProfile.swift; sourceTree = "<group>"; };
		0BEA3D3801295739AEC4DCF9 /* AppSettings.swift */ = {isa = PBXFileReference; lastKnownFileType = sourcecode.swift; path = AppSettings.swift; sourceTree = "<group>"; };
		0EB79A48415511296E4E184A /* ComposeView.swift */ = {isa = PBXFileReference; lastKnownFileType = sourcecode.swift; path = ComposeView.swift; sourceTree = "<group>"; };
		1180B013DC019C3D7F3C19B7 /* ReplyTransport.swift */ = {isa = PBXFileReference; lastKnownFileType = sourcecode.swift; path = ReplyTransport.swift; sourceTree = "<group>"; };
		135248855774C4608FCF805E /* VoiceSuggestionSheet.swift */ = {isa = PBXFileReference; lastKnownFileType = sourcecode.swift; path = VoiceSuggestionSheet.swift; sourceTree = "<group>"; };
		1B5B97E2C49D4BC68B094D40 /* TemplateBarView.swift */ = {isa = PBXFileReference; lastKnownFileType = sourcecode.swift; path = TemplateBarView.swift; sourceTree = "<group>"; };
		258EFD103FC793D1E35F0CF0 /* OnboardingView.swift */ = {isa = PBXFileReference; lastKnownFileType = sourcecode.swift; path = OnboardingView.swift; sourceTree = "<group>"; };
		25D447C9C9552C1760443634 /* AIReplyTests.xctest */ = {isa = PBXFileReference; includeInIndex = 0; lastKnownFileType = wrapper.cfbundle; path = AIReplyTests.xctest; sourceTree = BUILT_PRODUCTS_DIR; };
		2E52AC5449FEDDEE2B8129A8 /* Localizable.xcstrings */ = {isa = PBXFileReference; lastKnownFileType = text.json.xcstrings; path = Localizable.xcstrings; sourceTree = "<group>"; };
		2E86C261B962E98B7F859948 /* ProfileEditorView.swift */ = {isa = PBXFileReference; lastKnownFileType = sourcecode.swift; path = ProfileEditorView.swift; sourceTree = "<group>"; };
		36E762890B1F4DD108E9B02D /* TemplateSummaryTests.swift */ = {isa = PBXFileReference; lastKnownFileType = sourcecode.swift; path = TemplateSummaryTests.swift; sourceTree = "<group>"; };
		421B1E6627C5793107C83F6D /* ProfileStore.swift */ = {isa = PBXFileReference; lastKnownFileType = sourcecode.swift; path = ProfileStore.swift; sourceTree = "<group>"; };
		44038C1892A37CE406FF1FE4 /* LocalizationTests.swift */ = {isa = PBXFileReference; lastKnownFileType = sourcecode.swift; path = LocalizationTests.swift; sourceTree = "<group>"; };
		45A9804CC78CEB21F26EEC0F /* WorkingHoursView.swift */ = {isa = PBXFileReference; lastKnownFileType = sourcecode.swift; path = WorkingHoursView.swift; sourceTree = "<group>"; };
		463AD7501636320B4CE8EE68 /* DictationSheet.swift */ = {isa = PBXFileReference; lastKnownFileType = sourcecode.swift; path = DictationSheet.swift; sourceTree = "<group>"; };
		4764601C3E9C73FC93190203 /* TemplateSummary.swift */ = {isa = PBXFileReference; lastKnownFileType = sourcecode.swift; path = TemplateSummary.swift; sourceTree = "<group>"; };
		4DF5C58251599513C8873CED /* SecureCredentialStore.swift */ = {isa = PBXFileReference; lastKnownFileType = sourcecode.swift; path = SecureCredentialStore.swift; sourceTree = "<group>"; };
		50D232A0E7FFFC95C7AB549C /* KeyboardActionBar.swift */ = {isa = PBXFileReference; lastKnownFileType = sourcecode.swift; path = KeyboardActionBar.swift; sourceTree = "<group>"; };
		50D3D2C111D29A7911D507A8 /* AIReplyServiceTests.swift */ = {isa = PBXFileReference; lastKnownFileType = sourcecode.swift; path = AIReplyServiceTests.swift; sourceTree = "<group>"; };
		53F7E07689CE9B522244F3DA /* AIReplyService.swift */ = {isa = PBXFileReference; lastKnownFileType = sourcecode.swift; path = AIReplyService.swift; sourceTree = "<group>"; };
		56B2FC5E2AB5555C2807CD36 /* BusinessContext.swift */ = {isa = PBXFileReference; lastKnownFileType = sourcecode.swift; path = BusinessContext.swift; sourceTree = "<group>"; };
		5743D20D5E9089DA32EC65B8 /* SettingsView.swift */ = {isa = PBXFileReference; lastKnownFileType = sourcecode.swift; path = SettingsView.swift; sourceTree = "<group>"; };
		5B460028095C479EDAD8B842 /* VoiceConfigurationParser.swift */ = {isa = PBXFileReference; lastKnownFileType = sourcecode.swift; path = VoiceConfigurationParser.swift; sourceTree = "<group>"; };
		5E9E3BF06EBA0D0C9E753A97 /* KeyboardLanguage.swift */ = {isa = PBXFileReference; lastKnownFileType = sourcecode.swift; path = KeyboardLanguage.swift; sourceTree = "<group>"; };
		66164662EF95C9E16197312D /* ReplyDraftNormalizerTests.swift */ = {isa = PBXFileReference; lastKnownFileType = sourcecode.swift; path = ReplyDraftNormalizerTests.swift; sourceTree = "<group>"; };
		67FD1E127D47C9EC00B66392 /* KeyboardTheme.swift */ = {isa = PBXFileReference; lastKnownFileType = sourcecode.swift; path = KeyboardTheme.swift; sourceTree = "<group>"; };
		6E72E94BFF1802E4ECBD823B /* HomeView.swift */ = {isa = PBXFileReference; lastKnownFileType = sourcecode.swift; path = HomeView.swift; sourceTree = "<group>"; };
		70382F436399A34525547E8E /* ReplyConfigurationModel.swift */ = {isa = PBXFileReference; lastKnownFileType = sourcecode.swift; path = ReplyConfigurationModel.swift; sourceTree = "<group>"; };
		70C006DB419902D13BDBF374 /* AIReplyError.swift */ = {isa = PBXFileReference; lastKnownFileType = sourcecode.swift; path = AIReplyError.swift; sourceTree = "<group>"; };
		73067EDF0BADA2847E697980 /* SharedSettings.swift */ = {isa = PBXFileReference; lastKnownFileType = sourcecode.swift; path = SharedSettings.swift; sourceTree = "<group>"; };
		7568CCC0B7DE4C2A07D45771 /* AppMarkView.swift */ = {isa = PBXFileReference; lastKnownFileType = sourcecode.swift; path = AppMarkView.swift; sourceTree = "<group>"; };
		78D02DD76072C4DD2CAB2659 /* WorkingHoursTests.swift */ = {isa = PBXFileReference; lastKnownFileType = sourcecode.swift; path = WorkingHoursTests.swift; sourceTree = "<group>"; };
		7B2A3BF3800661B3D311B44C /* ReplyComposerView.swift */ = {isa = PBXFileReference; lastKnownFileType = sourcecode.swift; path = ReplyComposerView.swift; sourceTree = "<group>"; };
		7FED115EF950AFFD65FFF659 /* VoiceConfigurationParserTests.swift */ = {isa = PBXFileReference; lastKnownFileType = sourcecode.swift; path = VoiceConfigurationParserTests.swift; sourceTree = "<group>"; };
		80A2221D0F2D6AFFE9BBA8AD /* ComposeViewModel.swift */ = {isa = PBXFileReference; lastKnownFileType = sourcecode.swift; path = ComposeViewModel.swift; sourceTree = "<group>"; };
		830EBEDAF25D84E070E4A359 /* KeyboardStrings.swift */ = {isa = PBXFileReference; lastKnownFileType = sourcecode.swift; path = KeyboardStrings.swift; sourceTree = "<group>"; };
		85A8867526A3D1D3D5E84E26 /* ReplyTemplate.swift */ = {isa = PBXFileReference; lastKnownFileType = sourcecode.swift; path = ReplyTemplate.swift; sourceTree = "<group>"; };
		875E5668A47AB6015133C237 /* WorkingHours.swift */ = {isa = PBXFileReference; lastKnownFileType = sourcecode.swift; path = WorkingHours.swift; sourceTree = "<group>"; };
		90E39000C4ED61ADBA6BA9DB /* CommunicationTypes.swift */ = {isa = PBXFileReference; lastKnownFileType = sourcecode.swift; path = CommunicationTypes.swift; sourceTree = "<group>"; };
		999B24518017279B60BE8C60 /* VoiceReplyViewModel.swift */ = {isa = PBXFileReference; lastKnownFileType = sourcecode.swift; path = VoiceReplyViewModel.swift; sourceTree = "<group>"; };
		9B614C117924E8EC6A4EF32D /* Info.plist */ = {isa = PBXFileReference; lastKnownFileType = text.plist; path = Info.plist; sourceTree = "<group>"; };
		9BD0BC21D6B2D68157DE7739 /* ConfigurationStoreTests.swift */ = {isa = PBXFileReference; lastKnownFileType = sourcecode.swift; path = ConfigurationStoreTests.swift; sourceTree = "<group>"; };
		9BD51094A5D0AE5A7214A53A /* AIReply.app */ = {isa = PBXFileReference; includeInIndex = 0; lastKnownFileType = wrapper.application; path = AIReply.app; sourceTree = BUILT_PRODUCTS_DIR; };
		9FA30E63832D85C25C68804F /* AIReplyApp.swift */ = {isa = PBXFileReference; lastKnownFileType = sourcecode.swift; path = AIReplyApp.swift; sourceTree = "<group>"; };
		A267A633B481385E9F442940 /* AppLanguage.swift */ = {isa = PBXFileReference; lastKnownFileType = sourcecode.swift; path = AppLanguage.swift; sourceTree = "<group>"; };
		A301AD572AE5FB646DD9F3DD /* Assets.xcassets */ = {isa = PBXFileReference; lastKnownFileType = folder.assetcatalog; path = Assets.xcassets; sourceTree = "<group>"; };
		A4871B7428808BDBAA314E78 /* DesignSystem.swift */ = {isa = PBXFileReference; lastKnownFileType = sourcecode.swift; path = DesignSystem.swift; sourceTree = "<group>"; };
		AE4A424E566C435571650943 /* AppGroup.swift */ = {isa = PBXFileReference; lastKnownFileType = sourcecode.swift; path = AppGroup.swift; sourceTree = "<group>"; };
		B706BBF3211F06DE9C734E67 /* ReplyKeyboard.appex */ = {isa = PBXFileReference; includeInIndex = 0; lastKnownFileType = "wrapper.app-extension"; path = ReplyKeyboard.appex; sourceTree = BUILT_PRODUCTS_DIR; };
		B7785D61C26FC89396FE9CD3 /* ReplyContext.swift */ = {isa = PBXFileReference; lastKnownFileType = sourcecode.swift; path = ReplyContext.swift; sourceTree = "<group>"; };
		B8F00816B8A8D8AA0136A555 /* CommunicationContextTests.swift */ = {isa = PBXFileReference; lastKnownFileType = sourcecode.swift; path = CommunicationContextTests.swift; sourceTree = "<group>"; };
		BCB330879C6D25E5994C95F0 /* ReplyPromptBuilder.swift */ = {isa = PBXFileReference; lastKnownFileType = sourcecode.swift; path = ReplyPromptBuilder.swift; sourceTree = "<group>"; };
		C79FF18FAD7464C6AEF28503 /* AIReplyStrings.swift */ = {isa = PBXFileReference; lastKnownFileType = sourcecode.swift; path = AIReplyStrings.swift; sourceTree = "<group>"; };
		D49E718FD55E99052C56A452 /* TemplateEditorView.swift */ = {isa = PBXFileReference; lastKnownFileType = sourcecode.swift; path = TemplateEditorView.swift; sourceTree = "<group>"; };
		D7B4C8F95E060876BD02776E /* ReplyDraftNormalizer.swift */ = {isa = PBXFileReference; lastKnownFileType = sourcecode.swift; path = ReplyDraftNormalizer.swift; sourceTree = "<group>"; };
		D968CBF2153056C63D3F91A3 /* LocalizedDisplay.swift */ = {isa = PBXFileReference; lastKnownFileType = sourcecode.swift; path = LocalizedDisplay.swift; sourceTree = "<group>"; };
		E0B09DA09802A451D1A5DC4D /* KeyboardViewController.swift */ = {isa = PBXFileReference; lastKnownFileType = sourcecode.swift; path = KeyboardViewController.swift; sourceTree = "<group>"; };
		E0C55849FB32AC9B82420270 /* KeyButton.swift */ = {isa = PBXFileReference; lastKnownFileType = sourcecode.swift; path = KeyButton.swift; sourceTree = "<group>"; };
		EB7D2F1D37929DBD114C3D9A /* AIConfiguration.swift */ = {isa = PBXFileReference; lastKnownFileType = sourcecode.swift; path = AIConfiguration.swift; sourceTree = "<group>"; };
		EBAAF2889377B145F06F16D7 /* KeyboardSetupView.swift */ = {isa = PBXFileReference; lastKnownFileType = sourcecode.swift; path = KeyboardSetupView.swift; sourceTree = "<group>"; };
		F48C07F111CE28BC5FFB81B8 /* Info.plist */ = {isa = PBXFileReference; lastKnownFileType = text.plist; path = Info.plist; sourceTree = "<group>"; };
		D79CAFADAE0D0010BC1CE45D /* APIClient.swift */ = {isa = PBXFileReference; lastKnownFileType = sourcecode.swift; path = APIClient.swift; sourceTree = "<group>"; };
		33E1AE3A5DC8A80EF7FAB51D /* AccountCredentials.swift */ = {isa = PBXFileReference; lastKnownFileType = sourcecode.swift; path = AccountCredentials.swift; sourceTree = "<group>"; };
		8CC9F4025BCAB95F46B9FD35 /* AccountModels.swift */ = {isa = PBXFileReference; lastKnownFileType = sourcecode.swift; path = AccountModels.swift; sourceTree = "<group>"; };
		7A19AB507B24FEDDA51BB674 /* AccountReplyTransport.swift */ = {isa = PBXFileReference; lastKnownFileType = sourcecode.swift; path = AccountReplyTransport.swift; sourceTree = "<group>"; };
		29708E5897A096B71492D3FF /* AccountService.swift */ = {isa = PBXFileReference; lastKnownFileType = sourcecode.swift; path = AccountService.swift; sourceTree = "<group>"; };
		65D25C0C1FBF7FA0DB3E1CA9 /* AccountSession.swift */ = {isa = PBXFileReference; lastKnownFileType = sourcecode.swift; path = AccountSession.swift; sourceTree = "<group>"; };
		6B57B456F7C9A894FDFA16E5 /* AccountUsageCache.swift */ = {isa = PBXFileReference; lastKnownFileType = sourcecode.swift; path = AccountUsageCache.swift; sourceTree = "<group>"; };
		B08920F36A544C71232F2D1E /* AccountGateView.swift */ = {isa = PBXFileReference; lastKnownFileType = sourcecode.swift; path = AccountGateView.swift; sourceTree = "<group>"; };
		CD872E2E63C0E40E77B2872A /* AccountModel.swift */ = {isa = PBXFileReference; lastKnownFileType = sourcecode.swift; path = AccountModel.swift; sourceTree = "<group>"; };
		F6211FECA41BBA3BB21D75A6 /* AccountSettingsSection.swift */ = {isa = PBXFileReference; lastKnownFileType = sourcecode.swift; path = AccountSettingsSection.swift; sourceTree = "<group>"; };
		D8CFE2DB3B3FB414D9B9391D /* RegistrationStepView.swift */ = {isa = PBXFileReference; lastKnownFileType = sourcecode.swift; path = RegistrationStepView.swift; sourceTree = "<group>"; };
		C1653C6E99D9FBD3FDEBF65E /* SignInView.swift */ = {isa = PBXFileReference; lastKnownFileType = sourcecode.swift; path = SignInView.swift; sourceTree = "<group>"; };
		FC968BF0552B92940DFCAD17 /* SubscriptionView.swift */ = {isa = PBXFileReference; lastKnownFileType = sourcecode.swift; path = SubscriptionView.swift; sourceTree = "<group>"; };
		7AED231CF6699F6F307BF79C /* VerifyCodeView.swift */ = {isa = PBXFileReference; lastKnownFileType = sourcecode.swift; path = VerifyCodeView.swift; sourceTree = "<group>"; };
		A17D0DD4F1BF29EDF8D47477 /* AccountAPITests.swift */ = {isa = PBXFileReference; lastKnownFileType = sourcecode.swift; path = AccountAPITests.swift; sourceTree = "<group>"; };
/* End PBXFileReference section */

/* Begin PBXGroup section */
		086F381AE417B920A056E9AD /* Profile */ = {
			isa = PBXGroup;
			children = (
				2E86C261B962E98B7F859948 /* ProfileEditorView.swift */,
				45A9804CC78CEB21F26EEC0F /* WorkingHoursView.swift */,
			);
			path = Profile;
			sourceTree = "<group>";
		};
		142848184CDE29E22E80EC10 /* Compose */ = {
			isa = PBXGroup;
			children = (
				0EB79A48415511296E4E184A /* ComposeView.swift */,
				80A2221D0F2D6AFFE9BBA8AD /* ComposeViewModel.swift */,
			);
			path = Compose;
			sourceTree = "<group>";
		};
		173DAB703FD44FE7CB8718F8 /* Templates */ = {
			isa = PBXGroup;
			children = (
				D49E718FD55E99052C56A452 /* TemplateEditorView.swift */,
				007CAE30B84E19B48967E9DA /* TemplateListView.swift */,
			);
			path = Templates;
			sourceTree = "<group>";
		};
		21416BC9E03291BA639EB4F7 /* Shared */ = {
			isa = PBXGroup;
			children = (
				26900345B27BBDC4EDC52172 /* Account */,
				AE4A424E566C435571650943 /* AppGroup.swift */,
				A267A633B481385E9F442940 /* AppLanguage.swift */,
				73067EDF0BADA2847E697980 /* SharedSettings.swift */,
				5B460028095C479EDAD8B842 /* VoiceConfigurationParser.swift */,
				42B48CCB9F8963E92D95661D /* AI */,
				CDF314CD6881A75774FD8AD8 /* Model */,
			);
			path = Shared;
			sourceTree = "<group>";
		};
		235E59D67BFAA230C7F55B58 /* Setup */ = {
			isa = PBXGroup;
			children = (
				EBAAF2889377B145F06F16D7 /* KeyboardSetupView.swift */,
			);
			path = Setup;
			sourceTree = "<group>";
		};
		284F811FB11CC12ACBBD066E /* Voice */ = {
			isa = PBXGroup;
			children = (
				463AD7501636320B4CE8EE68 /* DictationSheet.swift */,
				999B24518017279B60BE8C60 /* VoiceReplyViewModel.swift */,
				135248855774C4608FCF805E /* VoiceSuggestionSheet.swift */,
			);
			path = Voice;
			sourceTree = "<group>";
		};
		42B48CCB9F8963E92D95661D /* AI */ = {
			isa = PBXGroup;
			children = (
				EB7D2F1D37929DBD114C3D9A /* AIConfiguration.swift */,
				70C006DB419902D13BDBF374 /* AIReplyError.swift */,
				53F7E07689CE9B522244F3DA /* AIReplyService.swift */,
				C79FF18FAD7464C6AEF28503 /* AIReplyStrings.swift */,
				D7B4C8F95E060876BD02776E /* ReplyDraftNormalizer.swift */,
				BCB330879C6D25E5994C95F0 /* ReplyPromptBuilder.swift */,
				1180B013DC019C3D7F3C19B7 /* ReplyTransport.swift */,
				4DF5C58251599513C8873CED /* SecureCredentialStore.swift */,
			);
			path = AI;
			sourceTree = "<group>";
		};
		439CB702C697D8899359DCCD /* DesignSystem */ = {
			isa = PBXGroup;
			children = (
				7568CCC0B7DE4C2A07D45771 /* AppMarkView.swift */,
				A4871B7428808BDBAA314E78 /* DesignSystem.swift */,
			);
			path = DesignSystem;
			sourceTree = "<group>";
		};
		4AC0DF6833E6A4D0D4F6B5EE /* Tests */ = {
			isa = PBXGroup;
			children = (
				A17D0DD4F1BF29EDF8D47477 /* AccountAPITests.swift */,
				50D3D2C111D29A7911D507A8 /* AIReplyServiceTests.swift */,
				B8F00816B8A8D8AA0136A555 /* CommunicationContextTests.swift */,
				9BD0BC21D6B2D68157DE7739 /* ConfigurationStoreTests.swift */,
				44038C1892A37CE406FF1FE4 /* LocalizationTests.swift */,
				66164662EF95C9E16197312D /* ReplyDraftNormalizerTests.swift */,
				36E762890B1F4DD108E9B02D /* TemplateSummaryTests.swift */,
				7FED115EF950AFFD65FFF659 /* VoiceConfigurationParserTests.swift */,
				78D02DD76072C4DD2CAB2659 /* WorkingHoursTests.swift */,
			);
			path = Tests;
			sourceTree = "<group>";
		};
		5820BB23EEC497DFF7320D99 /* Resources */ = {
			isa = PBXGroup;
			children = (
				A301AD572AE5FB646DD9F3DD /* Assets.xcassets */,
				2E52AC5449FEDDEE2B8129A8 /* Localizable.xcstrings */,
			);
			path = Resources;
			sourceTree = "<group>";
		};
		6A1E57A3437AD9D4EB1984BB /* ReplyKeyboard */ = {
			isa = PBXGroup;
			children = (
				F48C07F111CE28BC5FFB81B8 /* Info.plist */,
				50D232A0E7FFFC95C7AB549C /* KeyboardActionBar.swift */,
				830EBEDAF25D84E070E4A359 /* KeyboardStrings.swift */,
				67FD1E127D47C9EC00B66392 /* KeyboardTheme.swift */,
				E0B09DA09802A451D1A5DC4D /* KeyboardViewController.swift */,
				E0C55849FB32AC9B82420270 /* KeyButton.swift */,
				7B2A3BF3800661B3D311B44C /* ReplyComposerView.swift */,
				B7785D61C26FC89396FE9CD3 /* ReplyContext.swift */,
				1B5B97E2C49D4BC68B094D40 /* TemplateBarView.swift */,
			);
			path = ReplyKeyboard;
			sourceTree = "<group>";
		};
		9118DE7B79FBB67E916D03A9 /* Home */ = {
			isa = PBXGroup;
			children = (
				6E72E94BFF1802E4ECBD823B /* HomeView.swift */,
			);
			path = Home;
			sourceTree = "<group>";
		};
		9B17D77227F58293EA87C67D /* App */ = {
			isa = PBXGroup;
			children = (
				9FA30E63832D85C25C68804F /* AIReplyApp.swift */,
				0BEA3D3801295739AEC4DCF9 /* AppSettings.swift */,
				D968CBF2153056C63D3F91A3 /* LocalizedDisplay.swift */,
				70382F436399A34525547E8E /* ReplyConfigurationModel.swift */,
			);
			path = App;
			sourceTree = "<group>";
		};
		B9159257397F0F7D0483FAF4 /* Features */ = {
			isa = PBXGroup;
			children = (
				3E49EB23805760BD68215EE2 /* Account */,
				142848184CDE29E22E80EC10 /* Compose */,
				9118DE7B79FBB67E916D03A9 /* Home */,
				E7264ACC94873FFBCF5BCD4F /* Onboarding */,
				086F381AE417B920A056E9AD /* Profile */,
				C51E3254C1204B7F72271008 /* Settings */,
				235E59D67BFAA230C7F55B58 /* Setup */,
				173DAB703FD44FE7CB8718F8 /* Templates */,
				284F811FB11CC12ACBBD066E /* Voice */,
			);
			path = Features;
			sourceTree = "<group>";
		};
		C01D820E515CFEC4C107AB49 = {
			isa = PBXGroup;
			children = (
				EFC76797CF6FDADC8745BD7D /* AIReply */,
				6A1E57A3437AD9D4EB1984BB /* ReplyKeyboard */,
				21416BC9E03291BA639EB4F7 /* Shared */,
				4AC0DF6833E6A4D0D4F6B5EE /* Tests */,
				FCC92F39FFA303C939DFD6B0 /* Products */,
			);
			sourceTree = "<group>";
		};
		C51E3254C1204B7F72271008 /* Settings */ = {
			isa = PBXGroup;
			children = (
				5743D20D5E9089DA32EC65B8 /* SettingsView.swift */,
			);
			path = Settings;
			sourceTree = "<group>";
		};
		CDF314CD6881A75774FD8AD8 /* Model */ = {
			isa = PBXGroup;
			children = (
				56B2FC5E2AB5555C2807CD36 /* BusinessContext.swift */,
				90E39000C4ED61ADBA6BA9DB /* CommunicationTypes.swift */,
				5E9E3BF06EBA0D0C9E753A97 /* KeyboardLanguage.swift */,
				421B1E6627C5793107C83F6D /* ProfileStore.swift */,
				85A8867526A3D1D3D5E84E26 /* ReplyTemplate.swift */,
				4764601C3E9C73FC93190203 /* TemplateSummary.swift */,
				01E2326063481AC80000952A /* UserProfile.swift */,
				875E5668A47AB6015133C237 /* WorkingHours.swift */,
			);
			path = Model;
			sourceTree = "<group>";
		};
		E7264ACC94873FFBCF5BCD4F /* Onboarding */ = {
			isa = PBXGroup;
			children = (
				258EFD103FC793D1E35F0CF0 /* OnboardingView.swift */,
			);
			path = Onboarding;
			sourceTree = "<group>";
		};
		EFC76797CF6FDADC8745BD7D /* AIReply */ = {
			isa = PBXGroup;
			children = (
				9B614C117924E8EC6A4EF32D /* Info.plist */,
				9B17D77227F58293EA87C67D /* App */,
				439CB702C697D8899359DCCD /* DesignSystem */,
				B9159257397F0F7D0483FAF4 /* Features */,
				5820BB23EEC497DFF7320D99 /* Resources */,
			);
			path = AIReply;
			sourceTree = "<group>";
		};
		FCC92F39FFA303C939DFD6B0 /* Products */ = {
			isa = PBXGroup;
			children = (
				9BD51094A5D0AE5A7214A53A /* AIReply.app */,
				25D447C9C9552C1760443634 /* AIReplyTests.xctest */,
				B706BBF3211F06DE9C734E67 /* ReplyKeyboard.appex */,
			);
			name = Products;
			sourceTree = "<group>";
		};
		26900345B27BBDC4EDC52172 /* Account */ = {
			isa = PBXGroup;
			children = (
				D79CAFADAE0D0010BC1CE45D /* APIClient.swift */,
				33E1AE3A5DC8A80EF7FAB51D /* AccountCredentials.swift */,
				8CC9F4025BCAB95F46B9FD35 /* AccountModels.swift */,
				7A19AB507B24FEDDA51BB674 /* AccountReplyTransport.swift */,
				29708E5897A096B71492D3FF /* AccountService.swift */,
				65D25C0C1FBF7FA0DB3E1CA9 /* AccountSession.swift */,
				6B57B456F7C9A894FDFA16E5 /* AccountUsageCache.swift */,
			);
			path = Account;
			sourceTree = "<group>";
		};
		3E49EB23805760BD68215EE2 /* Account */ = {
			isa = PBXGroup;
			children = (
				B08920F36A544C71232F2D1E /* AccountGateView.swift */,
				CD872E2E63C0E40E77B2872A /* AccountModel.swift */,
				F6211FECA41BBA3BB21D75A6 /* AccountSettingsSection.swift */,
				D8CFE2DB3B3FB414D9B9391D /* RegistrationStepView.swift */,
				C1653C6E99D9FBD3FDEBF65E /* SignInView.swift */,
				FC968BF0552B92940DFCAD17 /* SubscriptionView.swift */,
				7AED231CF6699F6F307BF79C /* VerifyCodeView.swift */,
			);
			path = Account;
			sourceTree = "<group>";
		};
/* End PBXGroup section */

/* Begin PBXNativeTarget section */
		1F6D393FF0A4AA2046A9D3DF /* ReplyKeyboard */ = {
			isa = PBXNativeTarget;
			buildConfigurationList = 9F910381709B29402BC53070 /* Build configuration list for PBXNativeTarget "ReplyKeyboard" */;
			buildPhases = (
				8C5EA483B27D0C6DD74EFE06 /* Sources */,
			);
			buildRules = (
			);
			dependencies = (
			);
			name = ReplyKeyboard;
			packageProductDependencies = (
			);
			productName = ReplyKeyboard;
			productReference = B706BBF3211F06DE9C734E67 /* ReplyKeyboard.appex */;
			productType = "com.apple.product-type.app-extension";
		};
		45475D25BF12923E0E2A2A7A /* AIReply */ = {
			isa = PBXNativeTarget;
			buildConfigurationList = C6C52D69DEBF0EF61851FB12 /* Build configuration list for PBXNativeTarget "AIReply" */;
			buildPhases = (
				C9FB49EBFCA504D0B6E3D1D2 /* Sources */,
				D6209F6A0088D381F6C59B09 /* Resources */,
				F5EB05726054928BF5FDEC86 /* Embed Foundation Extensions */,
			);
			buildRules = (
			);
			dependencies = (
				27CD4590102E82D6A4707CBB /* PBXTargetDependency */,
			);
			name = AIReply;
			packageProductDependencies = (
			);
			productName = AIReply;
			productReference = 9BD51094A5D0AE5A7214A53A /* AIReply.app */;
			productType = "com.apple.product-type.application";
		};
		9C64F4310B1D7794DD1D0046 /* AIReplyTests */ = {
			isa = PBXNativeTarget;
			buildConfigurationList = D76738FAAB14A2D844089DA9 /* Build configuration list for PBXNativeTarget "AIReplyTests" */;
			buildPhases = (
				4A8B1311180674D57B80BB19 /* Sources */,
			);
			buildRules = (
			);
			dependencies = (
				10AECA71979178B29F187BFB /* PBXTargetDependency */,
			);
			name = AIReplyTests;
			packageProductDependencies = (
			);
			productName = AIReplyTests;
			productReference = 25D447C9C9552C1760443634 /* AIReplyTests.xctest */;
			productType = "com.apple.product-type.bundle.unit-test";
		};
/* End PBXNativeTarget section */

/* Begin PBXProject section */
		9BEE77F8F75DACB9233F22A5 /* Project object */ = {
			isa = PBXProject;
			attributes = {
				BuildIndependentTargetsInParallel = YES;
				LastUpgradeCheck = 1430;
				TargetAttributes = {
					1F6D393FF0A4AA2046A9D3DF = {
						DevelopmentTeam = JXM8N66QWU;
						ProvisioningStyle = Automatic;
					};
					45475D25BF12923E0E2A2A7A = {
						DevelopmentTeam = JXM8N66QWU;
						ProvisioningStyle = Automatic;
					};
					9C64F4310B1D7794DD1D0046 = {
						DevelopmentTeam = JXM8N66QWU;
						ProvisioningStyle = Automatic;
					};
				};
			};
			buildConfigurationList = 22AD5B25AA8A68A7C69E0FFB /* Build configuration list for PBXProject "AIReply" */;
			developmentRegion = en;
			hasScannedForEncodings = 0;
			knownRegions = (
				Base,
				en,
				kk,
				ru,
				uz,
			);
			mainGroup = C01D820E515CFEC4C107AB49;
			minimizedProjectReferenceProxies = 1;
			preferredProjectObjectVersion = 77;
			productRefGroup = FCC92F39FFA303C939DFD6B0 /* Products */;
			projectDirPath = "";
			projectRoot = "";
			targets = (
				45475D25BF12923E0E2A2A7A /* AIReply */,
				9C64F4310B1D7794DD1D0046 /* AIReplyTests */,
				1F6D393FF0A4AA2046A9D3DF /* ReplyKeyboard */,
			);
		};
/* End PBXProject section */

/* Begin PBXResourcesBuildPhase section */
		D6209F6A0088D381F6C59B09 /* Resources */ = {
			isa = PBXResourcesBuildPhase;
			buildActionMask = 2147483647;
			files = (
				84FB3DEC26F06F5650AC3549 /* Assets.xcassets in Resources */,
				39325F9CAB90B0BDF6FBAE0A /* Localizable.xcstrings in Resources */,
			);
			runOnlyForDeploymentPostprocessing = 0;
		};
/* End PBXResourcesBuildPhase section */

/* Begin PBXSourcesBuildPhase section */
		4A8B1311180674D57B80BB19 /* Sources */ = {
			isa = PBXSourcesBuildPhase;
			buildActionMask = 2147483647;
			files = (
				32CEFB20D93E4BC2E8611C77 /* AccountAPITests.swift in Sources */,
				5EAD4456B8E90AC6EFC75B5B /* AIReplyServiceTests.swift in Sources */,
				134C80FB69944994B2A072AC /* CommunicationContextTests.swift in Sources */,
				81AAD389931DC5307FFD1117 /* ConfigurationStoreTests.swift in Sources */,
				D685A039616BCAF47C05E692 /* LocalizationTests.swift in Sources */,
				E310EE8D8B82F507B76ECB64 /* ReplyDraftNormalizerTests.swift in Sources */,
				1BB8FD7E1794F78C26CA4CD2 /* TemplateSummaryTests.swift in Sources */,
				B9065C0BA089C48F8C8CA4A5 /* VoiceConfigurationParserTests.swift in Sources */,
				5580D7A518EAD6A80788A8E2 /* WorkingHoursTests.swift in Sources */,
			);
			runOnlyForDeploymentPostprocessing = 0;
		};
		8C5EA483B27D0C6DD74EFE06 /* Sources */ = {
			isa = PBXSourcesBuildPhase;
			buildActionMask = 2147483647;
			files = (
				1FA9978FEEBB1308B929F1DF /* APIClient.swift in Sources */,
				7B5D2FA3251FECDC2FB97FBD /* AccountCredentials.swift in Sources */,
				DF8C5C5873AA32EF1085AB67 /* AccountModels.swift in Sources */,
				B89D40A24C499A96CDF9F341 /* AccountReplyTransport.swift in Sources */,
				5BE5560BF23634C47B8063B0 /* AccountService.swift in Sources */,
				3F827A67EF36C9FF51A0176D /* AccountSession.swift in Sources */,
				73136265574692ACA84C492F /* AccountUsageCache.swift in Sources */,
				426A1B155197A29AB59312CC /* AIConfiguration.swift in Sources */,
				8DED530D35EE9DCCDFF88D66 /* AIReplyError.swift in Sources */,
				AD5DE35FBF494B15CA36765D /* AIReplyService.swift in Sources */,
				33511736BECB200BFCA4AB96 /* AIReplyStrings.swift in Sources */,
				CD7120FABE7D56C88B3A37AB /* AppGroup.swift in Sources */,
				6F7F89531AD24EBC66706589 /* AppLanguage.swift in Sources */,
				781ADFB2240543B236BB86C7 /* BusinessContext.swift in Sources */,
				1786E1368CF700A3F3A0972B /* CommunicationTypes.swift in Sources */,
				63878F6EB70D838806614EF6 /* KeyButton.swift in Sources */,
				F9C08C12FDB7B7ED2DEB3AA4 /* KeyboardActionBar.swift in Sources */,
				D2582D74DE75B3CDA1911010 /* KeyboardLanguage.swift in Sources */,
				0BEC991734DCB83CA0A899DE /* KeyboardStrings.swift in Sources */,
				6DA44B1E7DC2E286D5B2F66E /* KeyboardTheme.swift in Sources */,
				4A04FFCBE457A4EDEFCEFE16 /* KeyboardViewController.swift in Sources */,
				57F13181CF26203F625242F1 /* ProfileStore.swift in Sources */,
				ED170315BF59C4EA9D283084 /* ReplyComposerView.swift in Sources */,
				DA2A3CD236D4535B23E54134 /* ReplyContext.swift in Sources */,
				D20B96852003DA4F1ABC8DC2 /* ReplyDraftNormalizer.swift in Sources */,
				9AD0972A3931DC45EB713C7C /* ReplyPromptBuilder.swift in Sources */,
				8A1497B8CBF3DD6798B9DCC0 /* ReplyTemplate.swift in Sources */,
				DA35FA3324D72509E7F376E7 /* ReplyTransport.swift in Sources */,
				EB18D7A2A5391041268B1A5C /* SecureCredentialStore.swift in Sources */,
				F0B14B08084D459E62EC9F69 /* SharedSettings.swift in Sources */,
				9C22FB9C2C660598B43A453F /* TemplateBarView.swift in Sources */,
				94C33D06956AAA22C07024B8 /* TemplateSummary.swift in Sources */,
				EC623A3EF41169749F4B946B /* UserProfile.swift in Sources */,
				39A76347547C3E5641A67A21 /* VoiceConfigurationParser.swift in Sources */,
				A0E343AD2D3D657620A8B2BE /* WorkingHours.swift in Sources */,
			);
			runOnlyForDeploymentPostprocessing = 0;
		};
		C9FB49EBFCA504D0B6E3D1D2 /* Sources */ = {
			isa = PBXSourcesBuildPhase;
			buildActionMask = 2147483647;
			files = (
				F3FBEA90B20DB4838F8E6484 /* APIClient.swift in Sources */,
				6C62894DCD55DDFF50B7B883 /* AccountCredentials.swift in Sources */,
				D01C8901F2D3D9DAAF9139E2 /* AccountModels.swift in Sources */,
				ABB392343340956522324197 /* AccountReplyTransport.swift in Sources */,
				13BC0B156FFD00B6367EBE6A /* AccountService.swift in Sources */,
				121C380FECD50CF6D4922282 /* AccountSession.swift in Sources */,
				6CE3F7715819453B284C3649 /* AccountUsageCache.swift in Sources */,
				EB911860A3EA6AB729C4C511 /* AccountGateView.swift in Sources */,
				2D6803AA8619CD528E8D128B /* AccountModel.swift in Sources */,
				6670FF1E872401DEDDA9CB7D /* AccountSettingsSection.swift in Sources */,
				99307F9E2ABC5193C246DFB2 /* RegistrationStepView.swift in Sources */,
				77A4B113A9D5D4589D6F18AB /* SignInView.swift in Sources */,
				09D100248CA1D1225A03FC36 /* SubscriptionView.swift in Sources */,
				9D75EFCC56DD369EAC19CB79 /* VerifyCodeView.swift in Sources */,
				22F15C3C02F42E4098819624 /* AIConfiguration.swift in Sources */,
				BDA7E6FFED3A5E6C18131F75 /* AIReplyApp.swift in Sources */,
				CE9B6A3980A50D46C2C537FA /* AIReplyError.swift in Sources */,
				733EBA1001B06E01604AE508 /* AIReplyService.swift in Sources */,
				7C226A5CD29188B4ABCBAFBC /* AIReplyStrings.swift in Sources */,
				A8F73103B522FDC9EBD2148A /* AppGroup.swift in Sources */,
				0CBB838F77B32427AA943FC2 /* AppLanguage.swift in Sources */,
				93B36735156F76E6DA11371F /* AppMarkView.swift in Sources */,
				57ECC6D0E3A81F30D6FCDAAE /* AppSettings.swift in Sources */,
				F8B0410EFE3FD558306E8E80 /* BusinessContext.swift in Sources */,
				FEF45880C36B767675C5DCD3 /* CommunicationTypes.swift in Sources */,
				9522131EF5822AB0AD243FB9 /* ComposeView.swift in Sources */,
				B6EB09B2D4EA444198F2A0D0 /* ComposeViewModel.swift in Sources */,
				FB68C3381390555C81D77917 /* DesignSystem.swift in Sources */,
				6B97325ED5F8F23B452D4ECF /* DictationSheet.swift in Sources */,
				3E053A8EC48DFAD177834F98 /* HomeView.swift in Sources */,
				8158BCDC98DA0C126BABC4E1 /* KeyboardLanguage.swift in Sources */,
				75DDCB81954F51EC48AF2079 /* KeyboardSetupView.swift in Sources */,
				D588EA316075FF99AECA5BD7 /* LocalizedDisplay.swift in Sources */,
				66390F1889CA1BFA2EF62A97 /* OnboardingView.swift in Sources */,
				9FD7BA0E98275E4D9FA42010 /* ProfileEditorView.swift in Sources */,
				09F63EACA2EE871118789FD3 /* ProfileStore.swift in Sources */,
				90F7C2C0B3A5E7CA3EFB062C /* ReplyConfigurationModel.swift in Sources */,
				08940265FFBDDD875C5D662F /* ReplyDraftNormalizer.swift in Sources */,
				CF2ADE6AB229180C8E40F386 /* ReplyPromptBuilder.swift in Sources */,
				3CC2F2AFD45607E6570CF6FB /* ReplyTemplate.swift in Sources */,
				F72E10673C97DC256B5C60A5 /* ReplyTransport.swift in Sources */,
				82BAE79A2B2FEEDDC2D5ABCC /* SecureCredentialStore.swift in Sources */,
				770805D693631DAE55BF4447 /* SettingsView.swift in Sources */,
				65C7EAEA1813DE4B9A76AE77 /* SharedSettings.swift in Sources */,
				14DCFF343259160F79954989 /* TemplateEditorView.swift in Sources */,
				F0C7ADC13930FF7F3D73EEB6 /* TemplateListView.swift in Sources */,
				4DED2E213D1A7089CFC455A0 /* TemplateSummary.swift in Sources */,
				0728C3B010583C95E4BC7E8C /* UserProfile.swift in Sources */,
				79FC6362B27ADDE3E86E4F2F /* VoiceConfigurationParser.swift in Sources */,
				B3F9F8D93AF35D542DA859F5 /* VoiceReplyViewModel.swift in Sources */,
				C8C24FAB428614EDCD4F9BB4 /* VoiceSuggestionSheet.swift in Sources */,
				6FCA6398A7ED53E311C79C7D /* WorkingHours.swift in Sources */,
				52A7FEB74AF1B7907FB28345 /* WorkingHoursView.swift in Sources */,
			);
			runOnlyForDeploymentPostprocessing = 0;
		};
/* End PBXSourcesBuildPhase section */

/* Begin PBXTargetDependency section */
		10AECA71979178B29F187BFB /* PBXTargetDependency */ = {
			isa = PBXTargetDependency;
			target = 45475D25BF12923E0E2A2A7A /* AIReply */;
			targetProxy = DCD6657F4BE4D8ADBBD975DF /* PBXContainerItemProxy */;
		};
		27CD4590102E82D6A4707CBB /* PBXTargetDependency */ = {
			isa = PBXTargetDependency;
			target = 1F6D393FF0A4AA2046A9D3DF /* ReplyKeyboard */;
			targetProxy = 6D30C91700858D988CF7DFDE /* PBXContainerItemProxy */;
		};
/* End PBXTargetDependency section */

/* Begin XCBuildConfiguration section */
		1457FE1659805A730703C1E0 /* Debug */ = {
			isa = XCBuildConfiguration;
			buildSettings = {
				ASSETCATALOG_COMPILER_APPICON_NAME = AppIcon;
				CODE_SIGN_ENTITLEMENTS = Config/AIReply.entitlements;
				CODE_SIGN_IDENTITY = "iPhone Developer";
				CODE_SIGN_STYLE = Automatic;
				DEVELOPMENT_TEAM = JXM8N66QWU;
				INFOPLIST_FILE = AIReply/Info.plist;
				LD_RUNPATH_SEARCH_PATHS = (
					"$(inherited)",
					"@executable_path/Frameworks",
				);
				PRODUCT_BUNDLE_IDENTIFIER = kz.yerek.replykeyboard;
				PRODUCT_NAME = AIReply;
				SDKROOT = iphoneos;
				TARGETED_DEVICE_FAMILY = 1;
			};
			name = Debug;
		};
		3EC3A66B3A15A6D24D103517 /* Release */ = {
			isa = XCBuildConfiguration;
			buildSettings = {
				APPLICATION_EXTENSION_API_ONLY = YES;
				CODE_SIGN_ENTITLEMENTS = Config/ReplyKeyboard.entitlements;
				CODE_SIGN_STYLE = Automatic;
				DEVELOPMENT_TEAM = JXM8N66QWU;
				INFOPLIST_FILE = ReplyKeyboard/Info.plist;
				LD_RUNPATH_SEARCH_PATHS = (
					"$(inherited)",
					"@executable_path/Frameworks",
					"@executable_path/../../Frameworks",
				);
				PRODUCT_BUNDLE_IDENTIFIER = kz.yerek.replykeyboard.keyboard;
				PRODUCT_NAME = ReplyKeyboardExtension;
				SDKROOT = iphoneos;
				SKIP_INSTALL = YES;
				TARGETED_DEVICE_FAMILY = 1;
			};
			name = Release;
		};
		4A6DB38E49F0333A39EC9849 /* Release */ = {
			isa = XCBuildConfiguration;
			buildSettings = {
				BUNDLE_LOADER = "$(TEST_HOST)";
				DEVELOPMENT_TEAM = JXM8N66QWU;
				GENERATE_INFOPLIST_FILE = YES;
				LD_RUNPATH_SEARCH_PATHS = (
					"$(inherited)",
					"@executable_path/Frameworks",
					"@loader_path/Frameworks",
				);
				PRODUCT_BUNDLE_IDENTIFIER = kz.yerek.replykeyboard.tests;
				SDKROOT = iphoneos;
				TARGETED_DEVICE_FAMILY = "1,2";
				TEST_HOST = "$(BUILT_PRODUCTS_DIR)/AIReply.app/AIReply";
			};
			name = Release;
		};
		89EF025A9EEB826E81DE65A7 /* Debug */ = {
			isa = XCBuildConfiguration;
			buildSettings = {
				APPLICATION_EXTENSION_API_ONLY = YES;
				CODE_SIGN_ENTITLEMENTS = Config/ReplyKeyboard.entitlements;
				CODE_SIGN_STYLE = Automatic;
				DEVELOPMENT_TEAM = JXM8N66QWU;
				INFOPLIST_FILE = ReplyKeyboard/Info.plist;
				LD_RUNPATH_SEARCH_PATHS = (
					"$(inherited)",
					"@executable_path/Frameworks",
					"@executable_path/../../Frameworks",
				);
				PRODUCT_BUNDLE_IDENTIFIER = kz.yerek.replykeyboard.keyboard;
				PRODUCT_NAME = ReplyKeyboardExtension;
				SDKROOT = iphoneos;
				SKIP_INSTALL = YES;
				TARGETED_DEVICE_FAMILY = 1;
			};
			name = Debug;
		};
		9492AEA730F374ECA28D08C0 /* Release */ = {
			isa = XCBuildConfiguration;
			buildSettings = {
				ALWAYS_SEARCH_USER_PATHS = NO;
				CLANG_ANALYZER_NONNULL = YES;
				CLANG_ANALYZER_NUMBER_OBJECT_CONVERSION = YES_AGGRESSIVE;
				CLANG_CXX_LANGUAGE_STANDARD = "gnu++14";
				CLANG_CXX_LIBRARY = "libc++";
				CLANG_ENABLE_MODULES = YES;
				CLANG_ENABLE_OBJC_ARC = YES;
				CLANG_ENABLE_OBJC_WEAK = YES;
				CLANG_WARN_BLOCK_CAPTURE_AUTORELEASING = YES;
				CLANG_WARN_BOOL_CONVERSION = YES;
				CLANG_WARN_COMMA = YES;
				CLANG_WARN_CONSTANT_CONVERSION = YES;
				CLANG_WARN_DEPRECATED_OBJC_IMPLEMENTATIONS = YES;
				CLANG_WARN_DIRECT_OBJC_ISA_USAGE = YES_ERROR;
				CLANG_WARN_DOCUMENTATION_COMMENTS = YES;
				CLANG_WARN_EMPTY_BODY = YES;
				CLANG_WARN_ENUM_CONVERSION = YES;
				CLANG_WARN_INFINITE_RECURSION = YES;
				CLANG_WARN_INT_CONVERSION = YES;
				CLANG_WARN_NON_LITERAL_NULL_CONVERSION = YES;
				CLANG_WARN_OBJC_IMPLICIT_RETAIN_SELF = YES;
				CLANG_WARN_OBJC_LITERAL_CONVERSION = YES;
				CLANG_WARN_OBJC_ROOT_CLASS = YES_ERROR;
				CLANG_WARN_QUOTED_INCLUDE_IN_FRAMEWORK_HEADER = YES;
				CLANG_WARN_RANGE_LOOP_ANALYSIS = YES;
				CLANG_WARN_STRICT_PROTOTYPES = YES;
				CLANG_WARN_SUSPICIOUS_MOVE = YES;
				CLANG_WARN_UNGUARDED_AVAILABILITY = YES_AGGRESSIVE;
				CLANG_WARN_UNREACHABLE_CODE = YES;
				CLANG_WARN__DUPLICATE_METHOD_MATCH = YES;
				CODE_SIGN_STYLE = Automatic;
				COPY_PHASE_STRIP = NO;
				DEBUG_INFORMATION_FORMAT = "dwarf-with-dsym";
				DEVELOPMENT_TEAM = VMF4X4NF22;
				ENABLE_NS_ASSERTIONS = NO;
				ENABLE_STRICT_OBJC_MSGSEND = YES;
				GCC_C_LANGUAGE_STANDARD = gnu11;
				GCC_NO_COMMON_BLOCKS = YES;
				GCC_WARN_64_TO_32_BIT_CONVERSION = YES;
				GCC_WARN_ABOUT_RETURN_TYPE = YES_ERROR;
				GCC_WARN_UNDECLARED_SELECTOR = YES;
				GCC_WARN_UNINITIALIZED_AUTOS = YES_AGGRESSIVE;
				GCC_WARN_UNUSED_FUNCTION = YES;
				GCC_WARN_UNUSED_VARIABLE = YES;
				IPHONEOS_DEPLOYMENT_TARGET = 17.0;
				MTL_ENABLE_DEBUG_INFO = NO;
				MTL_FAST_MATH = YES;
				PRODUCT_NAME = "$(TARGET_NAME)";
				SDKROOT = iphoneos;
				SUPPORTS_MACCATALYST = NO;
				SWIFT_COMPILATION_MODE = wholemodule;
				SWIFT_OPTIMIZATION_LEVEL = "-O";
				SWIFT_VERSION = 5.0;
				TARGETED_DEVICE_FAMILY = 1;
			};
			name = Release;
		};
		C607E6792950F5DCFC880AE8 /* Debug */ = {
			isa = XCBuildConfiguration;
			buildSettings = {
				ALWAYS_SEARCH_USER_PATHS = NO;
				CLANG_ANALYZER_NONNULL = YES;
				CLANG_ANALYZER_NUMBER_OBJECT_CONVERSION = YES_AGGRESSIVE;
				CLANG_CXX_LANGUAGE_STANDARD = "gnu++14";
				CLANG_CXX_LIBRARY = "libc++";
				CLANG_ENABLE_MODULES = YES;
				CLANG_ENABLE_OBJC_ARC = YES;
				CLANG_ENABLE_OBJC_WEAK = YES;
				CLANG_WARN_BLOCK_CAPTURE_AUTORELEASING = YES;
				CLANG_WARN_BOOL_CONVERSION = YES;
				CLANG_WARN_COMMA = YES;
				CLANG_WARN_CONSTANT_CONVERSION = YES;
				CLANG_WARN_DEPRECATED_OBJC_IMPLEMENTATIONS = YES;
				CLANG_WARN_DIRECT_OBJC_ISA_USAGE = YES_ERROR;
				CLANG_WARN_DOCUMENTATION_COMMENTS = YES;
				CLANG_WARN_EMPTY_BODY = YES;
				CLANG_WARN_ENUM_CONVERSION = YES;
				CLANG_WARN_INFINITE_RECURSION = YES;
				CLANG_WARN_INT_CONVERSION = YES;
				CLANG_WARN_NON_LITERAL_NULL_CONVERSION = YES;
				CLANG_WARN_OBJC_IMPLICIT_RETAIN_SELF = YES;
				CLANG_WARN_OBJC_LITERAL_CONVERSION = YES;
				CLANG_WARN_OBJC_ROOT_CLASS = YES_ERROR;
				CLANG_WARN_QUOTED_INCLUDE_IN_FRAMEWORK_HEADER = YES;
				CLANG_WARN_RANGE_LOOP_ANALYSIS = YES;
				CLANG_WARN_STRICT_PROTOTYPES = YES;
				CLANG_WARN_SUSPICIOUS_MOVE = YES;
				CLANG_WARN_UNGUARDED_AVAILABILITY = YES_AGGRESSIVE;
				CLANG_WARN_UNREACHABLE_CODE = YES;
				CLANG_WARN__DUPLICATE_METHOD_MATCH = YES;
				CODE_SIGN_STYLE = Automatic;
				COPY_PHASE_STRIP = NO;
				DEBUG_INFORMATION_FORMAT = dwarf;
				DEVELOPMENT_TEAM = VMF4X4NF22;
				ENABLE_STRICT_OBJC_MSGSEND = YES;
				ENABLE_TESTABILITY = YES;
				GCC_C_LANGUAGE_STANDARD = gnu11;
				GCC_DYNAMIC_NO_PIC = NO;
				GCC_NO_COMMON_BLOCKS = YES;
				GCC_OPTIMIZATION_LEVEL = 0;
				GCC_PREPROCESSOR_DEFINITIONS = (
					"$(inherited)",
					"DEBUG=1",
				);
				GCC_WARN_64_TO_32_BIT_CONVERSION = YES;
				GCC_WARN_ABOUT_RETURN_TYPE = YES_ERROR;
				GCC_WARN_UNDECLARED_SELECTOR = YES;
				GCC_WARN_UNINITIALIZED_AUTOS = YES_AGGRESSIVE;
				GCC_WARN_UNUSED_FUNCTION = YES;
				GCC_WARN_UNUSED_VARIABLE = YES;
				IPHONEOS_DEPLOYMENT_TARGET = 17.0;
				MTL_ENABLE_DEBUG_INFO = INCLUDE_SOURCE;
				MTL_FAST_MATH = YES;
				ONLY_ACTIVE_ARCH = YES;
				PRODUCT_NAME = "$(TARGET_NAME)";
				SDKROOT = iphoneos;
				SUPPORTS_MACCATALYST = NO;
				SWIFT_ACTIVE_COMPILATION_CONDITIONS = DEBUG;
				SWIFT_OPTIMIZATION_LEVEL = "-Onone";
				SWIFT_VERSION = 5.0;
				TARGETED_DEVICE_FAMILY = 1;
			};
			name = Debug;
		};
		D269CBEE892E1AA0BC917D9A /* Release */ = {
			isa = XCBuildConfiguration;
			buildSettings = {
				ASSETCATALOG_COMPILER_APPICON_NAME = AppIcon;
				CODE_SIGN_ENTITLEMENTS = Config/AIReply.entitlements;
				CODE_SIGN_IDENTITY = "iPhone Developer";
				CODE_SIGN_STYLE = Automatic;
				DEVELOPMENT_TEAM = JXM8N66QWU;
				INFOPLIST_FILE = AIReply/Info.plist;
				LD_RUNPATH_SEARCH_PATHS = (
					"$(inherited)",
					"@executable_path/Frameworks",
				);
				PRODUCT_BUNDLE_IDENTIFIER = kz.yerek.replykeyboard;
				PRODUCT_NAME = AIReply;
				SDKROOT = iphoneos;
				TARGETED_DEVICE_FAMILY = 1;
			};
			name = Release;
		};
		FF5C3C5CB7256C801B888413 /* Debug */ = {
			isa = XCBuildConfiguration;
			buildSettings = {
				BUNDLE_LOADER = "$(TEST_HOST)";
				DEVELOPMENT_TEAM = JXM8N66QWU;
				GENERATE_INFOPLIST_FILE = YES;
				LD_RUNPATH_SEARCH_PATHS = (
					"$(inherited)",
					"@executable_path/Frameworks",
					"@loader_path/Frameworks",
				);
				PRODUCT_BUNDLE_IDENTIFIER = kz.yerek.replykeyboard.tests;
				SDKROOT = iphoneos;
				TARGETED_DEVICE_FAMILY = "1,2";
				TEST_HOST = "$(BUILT_PRODUCTS_DIR)/AIReply.app/AIReply";
			};
			name = Debug;
		};
/* End XCBuildConfiguration section */

/* Begin XCConfigurationList section */
		22AD5B25AA8A68A7C69E0FFB /* Build configuration list for PBXProject "AIReply" */ = {
			isa = XCConfigurationList;
			buildConfigurations = (
				C607E6792950F5DCFC880AE8 /* Debug */,
				9492AEA730F374ECA28D08C0 /* Release */,
			);
			defaultConfigurationIsVisible = 0;
			defaultConfigurationName = Debug;
		};
		9F910381709B29402BC53070 /* Build configuration list for PBXNativeTarget "ReplyKeyboard" */ = {
			isa = XCConfigurationList;
			buildConfigurations = (
				89EF025A9EEB826E81DE65A7 /* Debug */,
				3EC3A66B3A15A6D24D103517 /* Release */,
			);
			defaultConfigurationIsVisible = 0;
			defaultConfigurationName = Debug;
		};
		C6C52D69DEBF0EF61851FB12 /* Build configuration list for PBXNativeTarget "AIReply" */ = {
			isa = XCConfigurationList;
			buildConfigurations = (
				1457FE1659805A730703C1E0 /* Debug */,
				D269CBEE892E1AA0BC917D9A /* Release */,
			);
			defaultConfigurationIsVisible = 0;
			defaultConfigurationName = Debug;
		};
		D76738FAAB14A2D844089DA9 /* Build configuration list for PBXNativeTarget "AIReplyTests" */ = {
			isa = XCConfigurationList;
			buildConfigurations = (
				FF5C3C5CB7256C801B888413 /* Debug */,
				4A6DB38E49F0333A39EC9849 /* Release */,
			);
			defaultConfigurationIsVisible = 0;
			defaultConfigurationName = Debug;
		};
/* End XCConfigurationList section */
	};
	rootObject = 9BEE77F8F75DACB9233F22A5 /* Project object */;
}
